
Microsoft Visual Studio Solution File, Format Version 12.00
# Visual Studio Version 17
VisualStudioVersion = 17.8.34330.188
MinimumVisualStudioVersion = 10.0.40219.1
Project("{9A19103F-16F7-4668-BE54-9A1E7A4F7556}") = "Excercise1", "Excercise1\Excercise1.csproj", "{1E25EC9B-CE4B-4CFA-B9AF-AFACF5EE9521}"
EndProject
Project("{9A19103F-16F7-4668-BE54-9A1E7A4F7556}") = "Excercise2", "Excercise2\Excercise2.csproj", "{929D38CA-F8A5-4F04-81BF-EBA37E0E6869}"
EndProject
Project("{9A19103F-16F7-4668-BE54-9A1E7A4F7556}") = "Excercise3", "Excercise3\Excercise3.csproj", "{676CF315-F064-44F0-A2FA-9ED93ACBB8D9}"
EndProject
Project("{9A19103F-16F7-4668-BE54-9A1E7A4F7556}") = "Excercise4", "Excercise4\Excercise4.csproj", "{6B6D3B1F-267C-483D-B886-B15D0279FC5B}"
EndProject
Project("{9A19103F-16F7-4668-BE54-9A1E7A4F7556}") = "Excercise5", "Excercise5\Excercise5.csproj", "{7E0556C3-9AD6-46E0-9369-3829646ADAD6}"
EndProject
Project("{9A19103F-16F7-4668-BE54-9A1E7A4F7556}") = "Excercise7", "Excercise7\Excercise7.csproj", "{4655BD70-1D57-49C3-9F23-67A48546B79F}"
EndProject
Project("{9A19103F-16F7-4668-BE54-9A1E7A4F7556}") = "Excercise8", "Excercise8\Excercise8.csproj", "{9D6B76C2-B884-42EE-AF10-2741C024A8C5}"
EndProject
Project("{9A19103F-16F7-4668-BE54-9A1E7A4F7556}") = "Excercise6", "Excercise6\Excercise6.csproj", "{1E0B7897-6095-4B4D-AAA1-B72CEAE4F25C}"
EndProject
Project("{9A19103F-16F7-4668-BE54-9A1E7A4F7556}") = "Excercise9", "Excercise9\Excercise9.csproj", "{9A87733B-B0FB-45F4-8D98-CA86E840E335}"
EndProject
Project("{9A19103F-16F7-4668-BE54-9A1E7A4F7556}") = "Excercise10", "Excercise10\Excercise10.csproj", "{47EA203D-70CD-4D4C-996A-5DD68EA9916C}"
EndProject
Project("{9A19103F-16F7-4668-BE54-9A1E7A4F7556}") = "Excercise11", "Excercise11\Excercise11.csproj", "{84D3AB57-2BBC-4D4A-89C4-5EAC4F6621D9}"
EndProject
Project("{9A19103F-16F7-4668-BE54-9A1E7A4F7556}") = "Excercise12", "Excercise12\Excercise12.csproj", "{CDD89221-178F-44B1-B02D-6CD23DF9286E}"
EndProject
Project("{9A19103F-16F7-4668-BE54-9A1E7A4F7556}") = "Excercise13", "Excercise13\Excercise13.csproj", "{6155BD71-C353-45A0-A490-B07B63D71ED5}"
EndProject
Project("{9A19103F-16F7-4668-BE54-9A1E7A4F7556}") = "Excercise14", "Excercise14\Excercise14.csproj", "{9D412D32-FD05-4A0E-B521-1D75AD5B95EB}"
EndProject
Project("{9A19103F-16F7-4668-BE54-9A1E7A4F7556}") = "Excercise15", "Excercise15\Excercise15.csproj", "{0E643565-9422-4AED-B407-2F6C926108B9}"
EndProject
Project("{9A19103F-16F7-4668-BE54-9A1E7A4F7556}") = "Excercise16", "Excercise16\Excercise16.csproj", "{531FAE37-99DC-48DD-8FAB-C5D86B7D4EB5}"
EndProject
Project("{9A19103F-16F7-4668-BE54-9A1E7A4F7556}") = "ExcerciseSolidAndRefactor", "ExcerciseSolidAndRefactor\ExcerciseSolidAndRefactor.csproj", "{2893B61A-223D-4AA0-8A9B-6B1BE790F95D}"
EndProject
Project("{9A19103F-16F7-4668-BE54-9A1E7A4F7556}") = "BTVN", "BTVN\BTVN.csproj", "{CBC0DD61-4DFD-4870-8F16-80B4B9380D65}"
EndProject
Project("{9A19103F-16F7-4668-BE54-9A1E7A4F7556}") = "BTVN2", "BTVN2\BTVN2.csproj", "{68C09A37-B1C0-4E96-8A9D-C20706914B4B}"
EndProject
Project("{9A19103F-16F7-4668-BE54-9A1E7A4F7556}") = "BTVN3", "BTVN3\BTVN3.csproj", "{32471695-C1E5-46A3-A65E-8B823F6C99E7}"
EndProject
Project("{FAE04EC0-301F-11D3-BF4B-00C04F79EFBC}") = "BTVN4", "BTVN4\BTVN4.csproj", "{EF653BE4-C448-43DE-8669-E5089EA60F95}"
EndProject
Global
	GlobalSection(SolutionConfigurationPlatforms) = preSolution
		Debug|Any CPU = Debug|Any CPU
		Release|Any CPU = Release|Any CPU
	EndGlobalSection
	GlobalSection(ProjectConfigurationPlatforms) = postSolution
		{1E25EC9B-CE4B-4CFA-B9AF-AFACF5EE9521}.Debug|Any CPU.ActiveCfg = Debug|Any CPU
		{1E25EC9B-CE4B-4CFA-B9AF-AFACF5EE9521}.Debug|Any CPU.Build.0 = Debug|Any CPU
		{1E25EC9B-CE4B-4CFA-B9AF-AFACF5EE9521}.Release|Any CPU.ActiveCfg = Release|Any CPU
		{1E25EC9B-CE4B-4CFA-B9AF-AFACF5EE9521}.Release|Any CPU.Build.0 = Release|Any CPU
		{929D38CA-F8A5-4F04-81BF-EBA37E0E6869}.Debug|Any CPU.ActiveCfg = Debug|Any CPU
		{929D38CA-F8A5-4F04-81BF-EBA37E0E6869}.Debug|Any CPU.Build.0 = Debug|Any CPU
		{929D38CA-F8A5-4F04-81BF-EBA37E0E6869}.Release|Any CPU.ActiveCfg = Release|Any CPU
		{929D38CA-F8A5-4F04-81BF-EBA37E0E6869}.Release|Any CPU.Build.0 = Release|Any CPU
		{676CF315-F064-44F0-A2FA-9ED93ACBB8D9}.Debug|Any CPU.ActiveCfg = Debug|Any CPU
		{676CF315-F064-44F0-A2FA-9ED93ACBB8D9}.Debug|Any CPU.Build.0 = Debug|Any CPU
		{676CF315-F064-44F0-A2FA-9ED93ACBB8D9}.Release|Any CPU.ActiveCfg = Release|Any CPU
		{676CF315-F064-44F0-A2FA-9ED93ACBB8D9}.Release|Any CPU.Build.0 = Release|Any CPU
		{6B6D3B1F-267C-483D-B886-B15D0279FC5B}.Debug|Any CPU.ActiveCfg = Debug|Any CPU
		{6B6D3B1F-267C-483D-B886-B15D0279FC5B}.Debug|Any CPU.Build.0 = Debug|Any CPU
		{6B6D3B1F-267C-483D-B886-B15D0279FC5B}.Release|Any CPU.ActiveCfg = Release|Any CPU
		{6B6D3B1F-267C-483D-B886-B15D0279FC5B}.Release|Any CPU.Build.0 = Release|Any CPU
		{7E0556C3-9AD6-46E0-9369-3829646ADAD6}.Debug|Any CPU.ActiveCfg = Debug|Any CPU
		{7E0556C3-9AD6-46E0-9369-3829646ADAD6}.Debug|Any CPU.Build.0 = Debug|Any CPU
		{7E0556C3-9AD6-46E0-9369-3829646ADAD6}.Release|Any CPU.ActiveCfg = Release|Any CPU
		{7E0556C3-9AD6-46E0-9369-3829646ADAD6}.Release|Any CPU.Build.0 = Release|Any CPU
		{4655BD70-1D57-49C3-9F23-67A48546B79F}.Debug|Any CPU.ActiveCfg = Debug|Any CPU
		{4655BD70-1D57-49C3-9F23-67A48546B79F}.Debug|Any CPU.Build.0 = Debug|Any CPU
		{4655BD70-1D57-49C3-9F23-67A48546B79F}.Release|Any CPU.ActiveCfg = Release|Any CPU
		{4655BD70-1D57-49C3-9F23-67A48546B79F}.Release|Any CPU.Build.0 = Release|Any CPU
		{9D6B76C2-B884-42EE-AF10-2741C024A8C5}.Debug|Any CPU.ActiveCfg = Debug|Any CPU
		{9D6B76C2-B884-42EE-AF10-2741C024A8C5}.Debug|Any CPU.Build.0 = Debug|Any CPU
		{9D6B76C2-B884-42EE-AF10-2741C024A8C5}.Release|Any CPU.ActiveCfg = Release|Any CPU
		{9D6B76C2-B884-42EE-AF10-2741C024A8C5}.Release|Any CPU.Build.0 = Release|Any CPU
		{1E0B7897-6095-4B4D-AAA1-B72CEAE4F25C}.Debug|Any CPU.ActiveCfg = Debug|Any CPU
		{1E0B7897-6095-4B4D-AAA1-B72CEAE4F25C}.Debug|Any CPU.Build.0 = Debug|Any CPU
		{1E0B7897-6095-4B4D-AAA1-B72CEAE4F25C}.Release|Any CPU.ActiveCfg = Release|Any CPU
		{1E0B7897-6095-4B4D-AAA1-B72CEAE4F25C}.Release|Any CPU.Build.0 = Release|Any CPU
		{9A87733B-B0FB-45F4-8D98-CA86E840E335}.Debug|Any CPU.ActiveCfg = Debug|Any CPU
		{9A87733B-B0FB-45F4-8D98-CA86E840E335}.Debug|Any CPU.Build.0 = Debug|Any CPU
		{9A87733B-B0FB-45F4-8D98-CA86E840E335}.Release|Any CPU.ActiveCfg = Release|Any CPU
		{9A87733B-B0FB-45F4-8D98-CA86E840E335}.Release|Any CPU.Build.0 = Release|Any CPU
		{47EA203D-70CD-4D4C-996A-5DD68EA9916C}.Debug|Any CPU.ActiveCfg = Debug|Any CPU
		{47EA203D-70CD-4D4C-996A-5DD68EA9916C}.Debug|Any CPU.Build.0 = Debug|Any CPU
		{47EA203D-70CD-4D4C-996A-5DD68EA9916C}.Release|Any CPU.ActiveCfg = Release|Any CPU
		{47EA203D-70CD-4D4C-996A-5DD68EA9916C}.Release|Any CPU.Build.0 = Release|Any CPU
		{84D3AB57-2BBC-4D4A-89C4-5EAC4F6621D9}.Debug|Any CPU.ActiveCfg = Debug|Any CPU
		{84D3AB57-2BBC-4D4A-89C4-5EAC4F6621D9}.Debug|Any CPU.Build.0 = Debug|Any CPU
		{84D3AB57-2BBC-4D4A-89C4-5EAC4F6621D9}.Release|Any CPU.ActiveCfg = Release|Any CPU
		{84D3AB57-2BBC-4D4A-89C4-5EAC4F6621D9}.Release|Any CPU.Build.0 = Release|Any CPU
		{CDD89221-178F-44B1-B02D-6CD23DF9286E}.Debug|Any CPU.ActiveCfg = Debug|Any CPU
		{CDD89221-178F-44B1-B02D-6CD23DF9286E}.Debug|Any CPU.Build.0 = Debug|Any CPU
		{CDD89221-178F-44B1-B02D-6CD23DF9286E}.Release|Any CPU.ActiveCfg = Release|Any CPU
		{CDD89221-178F-44B1-B02D-6CD23DF9286E}.Release|Any CPU.Build.0 = Release|Any CPU
		{6155BD71-C353-45A0-A490-B07B63D71ED5}.Debug|Any CPU.ActiveCfg = Debug|Any CPU
		{6155BD71-C353-45A0-A490-B07B63D71ED5}.Debug|Any CPU.Build.0 = Debug|Any CPU
		{6155BD71-C353-45A0-A490-B07B63D71ED5}.Release|Any CPU.ActiveCfg = Release|Any CPU
		{6155BD71-C353-45A0-A490-B07B63D71ED5}.Release|Any CPU.Build.0 = Release|Any CPU
		{9D412D32-FD05-4A0E-B521-1D75AD5B95EB}.Debug|Any CPU.ActiveCfg = Debug|Any CPU
		{9D412D32-FD05-4A0E-B521-1D75AD5B95EB}.Debug|Any CPU.Build.0 = Debug|Any CPU
		{9D412D32-FD05-4A0E-B521-1D75AD5B95EB}.Release|Any CPU.ActiveCfg = Release|Any CPU
		{9D412D32-FD05-4A0E-B521-1D75AD5B95EB}.Release|Any CPU.Build.0 = Release|Any CPU
		{0E643565-9422-4AED-B407-2F6C926108B9}.Debug|Any CPU.ActiveCfg = Debug|Any CPU
		{0E643565-9422-4AED-B407-2F6C926108B9}.Debug|Any CPU.Build.0 = Debug|Any CPU
		{0E643565-9422-4AED-B407-2F6C926108B9}.Release|Any CPU.ActiveCfg = Release|Any CPU
		{0E643565-9422-4AED-B407-2F6C926108B9}.Release|Any CPU.Build.0 = Release|Any CPU
		{531FAE37-99DC-48DD-8FAB-C5D86B7D4EB5}.Debug|Any CPU.ActiveCfg = Debug|Any CPU
		{531FAE37-99DC-48DD-8FAB-C5D86B7D4EB5}.Debug|Any CPU.Build.0 = Debug|Any CPU
		{531FAE37-99DC-48DD-8FAB-C5D86B7D4EB5}.Release|Any CPU.ActiveCfg = Release|Any CPU
		{531FAE37-99DC-48DD-8FAB-C5D86B7D4EB5}.Release|Any CPU.Build.0 = Release|Any CPU
		{2893B61A-223D-4AA0-8A9B-6B1BE790F95D}.Debug|Any CPU.ActiveCfg = Debug|Any CPU
		{2893B61A-223D-4AA0-8A9B-6B1BE790F95D}.Debug|Any CPU.Build.0 = Debug|Any CPU
		{2893B61A-223D-4AA0-8A9B-6B1BE790F95D}.Release|Any CPU.ActiveCfg = Release|Any CPU
		{2893B61A-223D-4AA0-8A9B-6B1BE790F95D}.Release|Any CPU.Build.0 = Release|Any CPU
		{CBC0DD61-4DFD-4870-8F16-80B4B9380D65}.Debug|Any CPU.ActiveCfg = Debug|Any CPU
		{CBC0DD61-4DFD-4870-8F16-80B4B9380D65}.Debug|Any CPU.Build.0 = Debug|Any CPU
		{CBC0DD61-4DFD-4870-8F16-80B4B9380D65}.Release|Any CPU.ActiveCfg = Release|Any CPU
		{CBC0DD61-4DFD-4870-8F16-80B4B9380D65}.Release|Any CPU.Build.0 = Release|Any CPU
		{68C09A37-B1C0-4E96-8A9D-C20706914B4B}.Debug|Any CPU.ActiveCfg = Debug|Any CPU
		{68C09A37-B1C0-4E96-8A9D-C20706914B4B}.Debug|Any CPU.Build.0 = Debug|Any CPU
		{68C09A37-B1C0-4E96-8A9D-C20706914B4B}.Release|Any CPU.ActiveCfg = Release|Any CPU
		{68C09A37-B1C0-4E96-8A9D-C20706914B4B}.Release|Any CPU.Build.0 = Release|Any CPU
		{32471695-C1E5-46A3-A65E-8B823F6C99E7}.Debug|Any CPU.ActiveCfg = Debug|Any CPU
		{32471695-C1E5-46A3-A65E-8B823F6C99E7}.Debug|Any CPU.Build.0 = Debug|Any CPU
		{32471695-C1E5-46A3-A65E-8B823F6C99E7}.Release|Any CPU.ActiveCfg = Release|Any CPU
		{32471695-C1E5-46A3-A65E-8B823F6C99E7}.Release|Any CPU.Build.0 = Release|Any CPU
		{EF653BE4-C448-43DE-8669-E5089EA60F95}.Debug|Any CPU.ActiveCfg = Debug|Any CPU
		{EF653BE4-C448-43DE-8669-E5089EA60F95}.Debug|Any CPU.Build.0 = Debug|Any CPU
		{EF653BE4-C448-43DE-8669-E5089EA60F95}.Release|Any CPU.ActiveCfg = Release|Any CPU
		{EF653BE4-C448-43DE-8669-E5089EA60F95}.Release|Any CPU.Build.0 = Release|Any CPU
	EndGlobalSection
	GlobalSection(SolutionProperties) = preSolution
		HideSolutionNode = FALSE
	EndGlobalSection
	GlobalSection(ExtensibilityGlobals) = postSolution
		SolutionGuid = {7C11B972-F413-4712-9F83-1100698198E9}
	EndGlobalSection
EndGlobal
